
Microsoft Visual Studio Solution File, Format Version 12.00
# Visual Studio Version 17
VisualStudioVersion = 17.11.35208.52
MinimumVisualStudioVersion = 10.0.40219.1
Project("{FAE04EC0-301F-11D3-BF4B-00C04F79EFBC}") = "QueingApp", "QueingApp.csproj", "{D01C7318-36CB-4FC1-8F1C-BDFFD42C736B}"
EndProject
Global
	GlobalSection(SolutionConfigurationPlatforms) = preSolution
		Debug|Any CPU = Debug|Any CPU
		Release|Any CPU = Release|Any CPU
	EndGlobalSection
	GlobalSection(ProjectConfigurationPlatforms) = postSolution
		{D01C7318-36CB-4FC1-8F1C-BDFFD42C736B}.Debug|Any CPU.ActiveCfg = Debug|Any CPU
		{D01C7318-36CB-4FC1-8F1C-BDFFD42C736B}.Debug|Any CPU.Build.0 = Debug|Any CPU
		{D01C7318-36CB-4FC1-8F1C-BDFFD42C736B}.Release|Any CPU.ActiveCfg = Release|Any CPU
		{D01C7318-36CB-4FC1-8F1C-BDFFD42C736B}.Release|Any CPU.Build.0 = Release|Any CPU
	EndGlobalSection
	GlobalSection(SolutionProperties) = preSolution
		HideSolutionNode = FALSE
	EndGlobalSection
	GlobalSection(ExtensibilityGlobals) = postSolution
		SolutionGuid = {8895EDCB-41CC-4138-95D5-21F922AF4EC2}
	EndGlobalSection
EndGlobal
